
Microsoft Visual Studio Solution File, Format Version 12.00
# Visual Studio 2013
VisualStudioVersion = 12.0.31101.0
MinimumVisualStudioVersion = 10.0.40219.1
Project("{FAE04EC0-301F-11D3-BF4B-00C04F79EFBC}") = "iPark", "iPark\iPark.csproj", "{32B2361D-5809-4154-9AEA-624011B05EDC}"
EndProject
Project("{FAE04EC0-301F-11D3-BF4B-00C04F79EFBC}") = "iPark.Tests", "iPark.Tests\iPark.Tests.csproj", "{C4D1E458-B277-418E-B8D5-B6B078B73D29}"
EndProject
Global
	GlobalSection(SolutionConfigurationPlatforms) = preSolution
		Debug|Any CPU = Debug|Any CPU
		Release|Any CPU = Release|Any CPU
	EndGlobalSection
	GlobalSection(ProjectConfigurationPlatforms) = postSolution
		{32B2361D-5809-4154-9AEA-624011B05EDC}.Debug|Any CPU.ActiveCfg = Debug|Any CPU
		{32B2361D-5809-4154-9AEA-624011B05EDC}.Debug|Any CPU.Build.0 = Debug|Any CPU
		{32B2361D-5809-4154-9AEA-624011B05EDC}.Release|Any CPU.ActiveCfg = Release|Any CPU
		{32B2361D-5809-4154-9AEA-624011B05EDC}.Release|Any CPU.Build.0 = Release|Any CPU
		{C4D1E458-B277-418E-B8D5-B6B078B73D29}.Debug|Any CPU.ActiveCfg = Debug|Any CPU
		{C4D1E458-B277-418E-B8D5-B6B078B73D29}.Debug|Any CPU.Build.0 = Debug|Any CPU
		{C4D1E458-B277-418E-B8D5-B6B078B73D29}.Release|Any CPU.ActiveCfg = Release|Any CPU
		{C4D1E458-B277-418E-B8D5-B6B078B73D29}.Release|Any CPU.Build.0 = Release|Any CPU
	EndGlobalSection
	GlobalSection(SolutionProperties) = preSolution
		HideSolutionNode = FALSE
	EndGlobalSection
EndGlobal
